{
  "name": "lesson02",
  "version": "1.0.0",
  "lockfileVersion": 2,
  "requires": true,
  "packages": {
    "": {
      "name": "lesson02",
      "version": "1.0.0",
      "license": "ISC",
      "devDependencies": {
        "prettier-plugin-tailwindcss": "^0.1.13"
      }
    },
    "node_modules/prettier": {
      "version": "2.7.1",
      "resolved": "https://registry.npmjs.org/prettier/-/prettier-2.7.1.tgz",
      "integrity": "sha512-ujppO+MkdPqoVINuDFDRLClm7D78qbDt0/NR+wp5FqEZOoTNAjPHWj17QRhu7geIHJfcNhRk1XVQmF8Bp3ye+g==",
      "dev": true,
      "peer": true,
      "bin": {
        "prettier": "bin-prettier.js"
      },
      "engines": {
        "node": ">=10.13.0"
      },
      "funding": {
        "url": "https://github.com/prettier/prettier?sponsor=1"
      }
    },
    "node_modules/prettier-plugin-tailwindcss": {
      "version": "0.1.13",
      "resolved": "https://registry.npmjs.org/prettier-plugin-tailwindcss/-/prettier-plugin-tailwindcss-0.1.13.tgz",
      "integrity": "sha512-/EKQURUrxLu66CMUg4+1LwGdxnz8of7IDvrSLqEtDqhLH61SAlNNUSr90UTvZaemujgl3OH/VHg+fyGltrNixw==",
      "dev": true,
      "engines": {
        "node": ">=12.17.0"
      },
      "peerDependencies": {
        "prettier": ">=2.2.0"
      }
    }
  },
  "dependencies": {
    "prettier": {
      "version": "2.7.1",
      "resolved": "https://registry.npmjs.org/prettier/-/prettier-2.7.1.tgz",
      "integrity": "sha512-ujppO+MkdPqoVINuDFDRLClm7D78qbDt0/NR+wp5FqEZOoTNAjPHWj17QRhu7geIHJfcNhRk1XVQmF8Bp3ye+g==",
      "dev": true,
      "peer": true
    },
    "prettier-plugin-tailwindcss": {
      "version": "0.1.13",
      "resolved": "https://registry.npmjs.org/prettier-plugin-tailwindcss/-/prettier-plugin-tailwindcss-0.1.13.tgz",
      "integrity": "sha512-/EKQURUrxLu66CMUg4+1LwGdxnz8of7IDvrSLqEtDqhLH61SAlNNUSr90UTvZaemujgl3OH/VHg+fyGltrNixw==",
      "dev": true,
      "requires": {}
    }
  }
}
